
Microsoft Visual Studio Solution File, Format Version 12.00
# Visual Studio Version 17
VisualStudioVersion = 17.4.33122.133
MinimumVisualStudioVersion = 10.0.40219.1
Project("{FAE04EC0-301F-11D3-BF4B-00C04F79EFBC}") = "project home", "project home\project home.csproj", "{365F6A2C-86E0-4F67-B060-97A07C180314}"
EndProject
Global
	GlobalSection(SolutionConfigurationPlatforms) = preSolution
		Debug|Any CPU = Debug|Any CPU
		Release|Any CPU = Release|Any CPU
	EndGlobalSection
	GlobalSection(ProjectConfigurationPlatforms) = postSolution
		{365F6A2C-86E0-4F67-B060-97A07C180314}.Debug|Any CPU.ActiveCfg = Debug|Any CPU
		{365F6A2C-86E0-4F67-B060-97A07C180314}.Debug|Any CPU.Build.0 = Debug|Any CPU
		{365F6A2C-86E0-4F67-B060-97A07C180314}.Release|Any CPU.ActiveCfg = Release|Any CPU
		{365F6A2C-86E0-4F67-B060-97A07C180314}.Release|Any CPU.Build.0 = Release|Any CPU
	EndGlobalSection
	GlobalSection(SolutionProperties) = preSolution
		HideSolutionNode = FALSE
	EndGlobalSection
	GlobalSection(ExtensibilityGlobals) = postSolution
		SolutionGuid = {7E6DE9D9-D1CB-4401-ACEE-04C440232E65}
	EndGlobalSection
EndGlobal
